// !$*UTF8*$!
{
	archiveVersion = 1;
	classes = {
	};
	objectVersion = 48;
	objects = {

/* Begin PBXBuildFile section */
		25678C352039B4C7005BB45B /* AppDelegate.swift in Sources */ = {isa = PBXBuildFile; fileRef = 25678C342039B4C7005BB45B /* AppDelegate.swift */; };
		25678C3A2039B4C7005BB45B /* Main.storyboard in Resources */ = {isa = PBXBuildFile; fileRef = 25678C382039B4C7005BB45B /* Main.storyboard */; };
		25678C3C2039B4C7005BB45B /* Assets.xcassets in Resources */ = {isa = PBXBuildFile; fileRef = 25678C3B2039B4C7005BB45B /* Assets.xcassets */; };
		25678C3F2039B4C7005BB45B /* LaunchScreen.storyboard in Resources */ = {isa = PBXBuildFile; fileRef = 25678C3D2039B4C7005BB45B /* LaunchScreen.storyboard */; };
		25678C4A2039B4C7005BB45B /* UnitTestAndUITestTests.swift in Sources */ = {isa = PBXBuildFile; fileRef = 25678C492039B4C7005BB45B /* UnitTestAndUITestTests.swift */; };
		25678C552039B4C7005BB45B /* UnitTestAndUITestUITests.swift in Sources */ = {isa = PBXBuildFile; fileRef = 25678C542039B4C7005BB45B /* UnitTestAndUITestUITests.swift */; };
		25678C6C2039B61B005BB45B /* HomeVC.swift in Sources */ = {isa = PBXBuildFile; fileRef = 25678C692039B61A005BB45B /* HomeVC.swift */; };
		38D689501DCA9D06D2925F66 /* Pods_UnitTestAndUITestTests.framework in Frameworks */ = {isa = PBXBuildFile; fileRef = 7208A38D52990B36C80AE6F6 /* Pods_UnitTestAndUITestTests.framework */; };
		8983B04F8DD3C1A10F0B8511 /* Pods_UnitTestAndUITest.framework in Frameworks */ = {isa = PBXBuildFile; fileRef = A3789AADDE90867CAE85F0AB /* Pods_UnitTestAndUITest.framework */; };
		F7AFE0335F90078BB2D352AA /* Pods_UnitTestAndUITestUITests.framework in Frameworks */ = {isa = PBXBuildFile; fileRef = 7D04AFC49CEF796D46CDBB8A /* Pods_UnitTestAndUITestUITests.framework */; };
/* End PBXBuildFile section */

/* Begin PBXContainerItemProxy section */
		25678C462039B4C7005BB45B /* PBXContainerItemProxy */ = {
			isa = PBXContainerItemProxy;
			containerPortal = 25678C292039B4C7005BB45B /* Project object */;
			proxyType = 1;
			remoteGlobalIDString = 25678C302039B4C7005BB45B;
			remoteInfo = UnitTestAndUITest;
		};
		25678C512039B4C7005BB45B /* PBXContainerItemProxy */ = {
			isa = PBXContainerItemProxy;
			containerPortal = 25678C292039B4C7005BB45B /* Project object */;
			proxyType = 1;
			remoteGlobalIDString = 25678C302039B4C7005BB45B;
			remoteInfo = UnitTestAndUITest;
		};
/* End PBXContainerItemProxy section */

/* Begin PBXFileReference section */
		20A7CDA7692336E564E44BFE /* Pods-UnitTestAndUITest.debug.xcconfig */ = {isa = PBXFileReference; includeInIndex = 1; lastKnownFileType = text.xcconfig; name = "Pods-UnitTestAndUITest.debug.xcconfig"; path = "Pods/Target Support Files/Pods-UnitTestAndUITest/Pods-UnitTestAndUITest.debug.xcconfig"; sourceTree = "<group>"; };
		25678C312039B4C7005BB45B /* UnitTestAndUITest.app */ = {isa = PBXFileReference; explicitFileType = wrapper.application; includeInIndex = 0; path = UnitTestAndUITest.app; sourceTree = BUILT_PRODUCTS_DIR; };
		25678C342039B4C7005BB45B /* AppDelegate.swift */ = {isa = PBXFileReference; lastKnownFileType = sourcecode.swift; path = AppDelegate.swift; sourceTree = "<group>"; };
		25678C392039B4C7005BB45B /* Base */ = {isa = PBXFileReference; lastKnownFileType = file.storyboard; name = Base; path = Base.lproj/Main.storyboard; sourceTree = "<group>"; };
		25678C3B2039B4C7005BB45B /* Assets.xcassets */ = {isa = PBXFileReference; lastKnownFileType = folder.assetcatalog; path = Assets.xcassets; sourceTree = "<group>"; };
		25678C3E2039B4C7005BB45B /* Base */ = {isa = PBXFileReference; lastKnownFileType = file.storyboard; name = Base; path = Base.lproj/LaunchScreen.storyboard; sourceTree = "<group>"; };
		25678C402039B4C7005BB45B /* Info.plist */ = {isa = PBXFileReference; lastKnownFileType = text.plist.xml; path = Info.plist; sourceTree = "<group>"; };
		25678C452039B4C7005BB45B /* UnitTestAndUITestTests.xctest */ = {isa = PBXFileReference; explicitFileType = wrapper.cfbundle; includeInIndex = 0; path = UnitTestAndUITestTests.xctest; sourceTree = BUILT_PRODUCTS_DIR; };
		25678C492039B4C7005BB45B /* UnitTestAndUITestTests.swift */ = {isa = PBXFileReference; lastKnownFileType = sourcecode.swift; path = UnitTestAndUITestTests.swift; sourceTree = "<group>"; };
		25678C4B2039B4C7005BB45B /* Info.plist */ = {isa = PBXFileReference; lastKnownFileType = text.plist.xml; path = Info.plist; sourceTree = "<group>"; };
		25678C502039B4C7005BB45B /* UnitTestAndUITestUITests.xctest */ = {isa = PBXFileReference; explicitFileType = wrapper.cfbundle; includeInIndex = 0; path = UnitTestAndUITestUITests.xctest; sourceTree = BUILT_PRODUCTS_DIR; };
		25678C542039B4C7005BB45B /* UnitTestAndUITestUITests.swift */ = {isa = PBXFileReference; lastKnownFileType = sourcecode.swift; path = UnitTestAndUITestUITests.swift; sourceTree = "<group>"; };
		25678C562039B4C7005BB45B /* Info.plist */ = {isa = PBXFileReference; lastKnownFileType = text.plist.xml; path = Info.plist; sourceTree = "<group>"; };
		25678C692039B61A005BB45B /* HomeVC.swift */ = {isa = PBXFileReference; fileEncoding = 4; lastKnownFileType = sourcecode.swift; path = HomeVC.swift; sourceTree = "<group>"; };
		2D7949957C3DEDD6295855ED /* Pods-UnitTestAndUITestTests.release.xcconfig */ = {isa = PBXFileReference; includeInIndex = 1; lastKnownFileType = text.xcconfig; name = "Pods-UnitTestAndUITestTests.release.xcconfig"; path = "Pods/Target Support Files/Pods-UnitTestAndUITestTests/Pods-UnitTestAndUITestTests.release.xcconfig"; sourceTree = "<group>"; };
		3970A12D1FA90F14A3111844 /* Pods-UnitTestAndUITestTests.debug.xcconfig */ = {isa = PBXFileReference; includeInIndex = 1; lastKnownFileType = text.xcconfig; name = "Pods-UnitTestAndUITestTests.debug.xcconfig"; path = "Pods/Target Support Files/Pods-UnitTestAndUITestTests/Pods-UnitTestAndUITestTests.debug.xcconfig"; sourceTree = "<group>"; };
		607755939BBE4BA3A8EC61AE /* Pods-UnitTestAndUITestUITests.debug.xcconfig */ = {isa = PBXFileReference; includeInIndex = 1; lastKnownFileType = text.xcconfig; name = "Pods-UnitTestAndUITestUITests.debug.xcconfig"; path = "Pods/Target Support Files/Pods-UnitTestAndUITestUITests/Pods-UnitTestAndUITestUITests.debug.xcconfig"; sourceTree = "<group>"; };
		6F04FB92D74B178E8306C182 /* Pods-UnitTestAndUITest.release.xcconfig */ = {isa = PBXFileReference; includeInIndex = 1; lastKnownFileType = text.xcconfig; name = "Pods-UnitTestAndUITest.release.xcconfig"; path = "Pods/Target Support Files/Pods-UnitTestAndUITest/Pods-UnitTestAndUITest.release.xcconfig"; sourceTree = "<group>"; };
		7208A38D52990B36C80AE6F6 /* Pods_UnitTestAndUITestTests.framework */ = {isa = PBXFileReference; explicitFileType = wrapper.framework; includeInIndex = 0; path = Pods_UnitTestAndUITestTests.framework; sourceTree = BUILT_PRODUCTS_DIR; };
		7D04AFC49CEF796D46CDBB8A /* Pods_UnitTestAndUITestUITests.framework */ = {isa = PBXFileReference; explicitFileType = wrapper.framework; includeInIndex = 0; path = Pods_UnitTestAndUITestUITests.framework; sourceTree = BUILT_PRODUCTS_DIR; };
		A3789AADDE90867CAE85F0AB /* Pods_UnitTestAndUITest.framework */ = {isa = PBXFileReference; explicitFileType = wrapper.framework; includeInIndex = 0; path = Pods_UnitTestAndUITest.framework; sourceTree = BUILT_PRODUCTS_DIR; };
		AB288FA92C5BC82885A63D89 /* Pods-UnitTestAndUITestUITests.release.xcconfig */ = {isa = PBXFileReference; includeInIndex = 1; lastKnownFileType = text.xcconfig; name = "Pods-UnitTestAndUITestUITests.release.xcconfig"; path = "Pods/Target Support Files/Pods-UnitTestAndUITestUITests/Pods-UnitTestAndUITestUITests.release.xcconfig"; sourceTree = "<group>"; };
/* End PBXFileReference section */

/* Begin PBXFrameworksBuildPhase section */
		25678C2E2039B4C7005BB45B /* Frameworks */ = {
			isa = PBXFrameworksBuildPhase;
			buildActionMask = 2147483647;
			files = (
				8983B04F8DD3C1A10F0B8511 /* Pods_UnitTestAndUITest.framework in Frameworks */,
			);
			runOnlyForDeploymentPostprocessing = 0;
		};
		25678C422039B4C7005BB45B /* Frameworks */ = {
			isa = PBXFrameworksBuildPhase;
			buildActionMask = 2147483647;
			files = (
				38D689501DCA9D06D2925F66 /* Pods_UnitTestAndUITestTests.framework in Frameworks */,
			);
			runOnlyForDeploymentPostprocessing = 0;
		};
		25678C4D2039B4C7005BB45B /* Frameworks */ = {
			isa = PBXFrameworksBuildPhase;
			buildActionMask = 2147483647;
			files = (
				F7AFE0335F90078BB2D352AA /* Pods_UnitTestAndUITestUITests.framework in Frameworks */,
			);
			runOnlyForDeploymentPostprocessing = 0;
		};
/* End PBXFrameworksBuildPhase section */

/* Begin PBXGroup section */
		25678C282039B4C7005BB45B = {
			isa = PBXGroup;
			children = (
				25678C332039B4C7005BB45B /* UnitTestAndUITest */,
				25678C482039B4C7005BB45B /* UnitTestAndUITestTests */,
				25678C532039B4C7005BB45B /* UnitTestAndUITestUITests */,
				25678C322039B4C7005BB45B /* Products */,
				D731FC670D64B3F9113D187A /* Pods */,
				5022971AEADE3AA41D20A5E5 /* Frameworks */,
			);
			sourceTree = "<group>";
		};
		25678C322039B4C7005BB45B /* Products */ = {
			isa = PBXGroup;
			children = (
				25678C312039B4C7005BB45B /* UnitTestAndUITest.app */,
				25678C452039B4C7005BB45B /* UnitTestAndUITestTests.xctest */,
				25678C502039B4C7005BB45B /* UnitTestAndUITestUITests.xctest */,
			);
			name = Products;
			sourceTree = "<group>";
		};
		25678C332039B4C7005BB45B /* UnitTestAndUITest */ = {
			isa = PBXGroup;
			children = (
				25678C342039B4C7005BB45B /* AppDelegate.swift */,
				25678C682039B61A005BB45B /* ViewControllers */,
				25678C6B2039B61B005BB45B /* Models */,
				25678C6A2039B61A005BB45B /* Resources */,
			);
			path = UnitTestAndUITest;
			sourceTree = "<group>";
		};
		25678C482039B4C7005BB45B /* UnitTestAndUITestTests */ = {
			isa = PBXGroup;
			children = (
				25678C492039B4C7005BB45B /* UnitTestAndUITestTests.swift */,
				25678C4B2039B4C7005BB45B /* Info.plist */,
			);
			path = UnitTestAndUITestTests;
			sourceTree = "<group>";
		};
		25678C532039B4C7005BB45B /* UnitTestAndUITestUITests */ = {
			isa = PBXGroup;
			children = (
				25678C542039B4C7005BB45B /* UnitTestAndUITestUITests.swift */,
				25678C562039B4C7005BB45B /* Info.plist */,
			);
			path = UnitTestAndUITestUITests;
			sourceTree = "<group>";
		};
		25678C682039B61A005BB45B /* ViewControllers */ = {
			isa = PBXGroup;
			children = (
				25678C692039B61A005BB45B /* HomeVC.swift */,
			);
			path = ViewControllers;
			sourceTree = "<group>";
		};
		25678C6A2039B61A005BB45B /* Resources */ = {
			isa = PBXGroup;
			children = (
				25678C402039B4C7005BB45B /* Info.plist */,
				25678C382039B4C7005BB45B /* Main.storyboard */,
				25678C3B2039B4C7005BB45B /* Assets.xcassets */,
				25678C3D2039B4C7005BB45B /* LaunchScreen.storyboard */,
			);
			path = Resources;
			sourceTree = "<group>";
		};
		25678C6B2039B61B005BB45B /* Models */ = {
			isa = PBXGroup;
			children = (
			);
			path = Models;
			sourceTree = "<group>";
		};
		5022971AEADE3AA41D20A5E5 /* Frameworks */ = {
			isa = PBXGroup;
			children = (
				A3789AADDE90867CAE85F0AB /* Pods_UnitTestAndUITest.framework */,
				7208A38D52990B36C80AE6F6 /* Pods_UnitTestAndUITestTests.framework */,
				7D04AFC49CEF796D46CDBB8A /* Pods_UnitTestAndUITestUITests.framework */,
			);
			name = Frameworks;
			sourceTree = "<group>";
		};
		D731FC670D64B3F9113D187A /* Pods */ = {
			isa = PBXGroup;
			children = (
				20A7CDA7692336E564E44BFE /* Pods-UnitTestAndUITest.debug.xcconfig */,
				6F04FB92D74B178E8306C182 /* Pods-UnitTestAndUITest.release.xcconfig */,
				3970A12D1FA90F14A3111844 /* Pods-UnitTestAndUITestTests.debug.xcconfig */,
				2D7949957C3DEDD6295855ED /* Pods-UnitTestAndUITestTests.release.xcconfig */,
				607755939BBE4BA3A8EC61AE /* Pods-UnitTestAndUITestUITests.debug.xcconfig */,
				AB288FA92C5BC82885A63D89 /* Pods-UnitTestAndUITestUITests.release.xcconfig */,
			);
			name = Pods;
			sourceTree = "<group>";
		};
/* End PBXGroup section */

/* Begin PBXNativeTarget section */
		25678C302039B4C7005BB45B /* UnitTestAndUITest */ = {
			isa = PBXNativeTarget;
			buildConfigurationList = 25678C592039B4C7005BB45B /* Build configuration list for PBXNativeTarget "UnitTestAndUITest" */;
			buildPhases = (
				9628CC035F76C86AA8DD12CE /* [CP] Check Pods Manifest.lock */,
				25678C2D2039B4C7005BB45B /* Sources */,
				25678C2E2039B4C7005BB45B /* Frameworks */,
				25678C2F2039B4C7005BB45B /* Resources */,
				CDA24E030346816CE81D5A8B /* [CP] Embed Pods Frameworks */,
				D621BC02C81578DDF913FC20 /* [CP] Copy Pods Resources */,
			);
			buildRules = (
			);
			dependencies = (
			);
			name = UnitTestAndUITest;
			productName = UnitTestAndUITest;
			productReference = 25678C312039B4C7005BB45B /* UnitTestAndUITest.app */;
			productType = "com.apple.product-type.application";
		};
		25678C442039B4C7005BB45B /* UnitTestAndUITestTests */ = {
			isa = PBXNativeTarget;
			buildConfigurationList = 25678C5C2039B4C7005BB45B /* Build configuration list for PBXNativeTarget "UnitTestAndUITestTests" */;
			buildPhases = (
				D219BED3765B9CCBF6F98511 /* [CP] Check Pods Manifest.lock */,
				25678C412039B4C7005BB45B /* Sources */,
				25678C422039B4C7005BB45B /* Frameworks */,
				25678C432039B4C7005BB45B /* Resources */,
				1F4A680A0BAF7886878AA6D8 /* [CP] Embed Pods Frameworks */,
				2B12247B0A3E8937B709E5E4 /* [CP] Copy Pods Resources */,
			);
			buildRules = (
			);
			dependencies = (
				25678C472039B4C7005BB45B /* PBXTargetDependency */,
			);
			name = UnitTestAndUITestTests;
			productName = UnitTestAndUITestTests;
			productReference = 25678C452039B4C7005BB45B /* UnitTestAndUITestTests.xctest */;
			productType = "com.apple.product-type.bundle.unit-test";
		};
		25678C4F2039B4C7005BB45B /* UnitTestAndUITestUITests */ = {
			isa = PBXNativeTarget;
			buildConfigurationList = 25678C5F2039B4C7005BB45B /* Build configuration list for PBXNativeTarget "UnitTestAndUITestUITests" */;
			buildPhases = (
				A26DF5AB1C27D9CC3368FE7D /* [CP] Check Pods Manifest.lock */,
				25678C4C2039B4C7005BB45B /* Sources */,
				25678C4D2039B4C7005BB45B /* Frameworks */,
				25678C4E2039B4C7005BB45B /* Resources */,
				4A9F237F446CDB1C7C417531 /* [CP] Embed Pods Frameworks */,
				81DBBE63448BAAA33D4CE27B /* [CP] Copy Pods Resources */,
			);
			buildRules = (
			);
			dependencies = (
				25678C522039B4C7005BB45B /* PBXTargetDependency */,
			);
			name = UnitTestAndUITestUITests;
			productName = UnitTestAndUITestUITests;
			productReference = 25678C502039B4C7005BB45B /* UnitTestAndUITestUITests.xctest */;
			productType = "com.apple.product-type.bundle.ui-testing";
		};
/* End PBXNativeTarget section */

/* Begin PBXProject section */
		25678C292039B4C7005BB45B /* Project object */ = {
			isa = PBXProject;
			attributes = {
				LastSwiftUpdateCheck = 0920;
				LastUpgradeCheck = 0920;
				ORGANIZATIONNAME = SHUVRO;
				TargetAttributes = {
					25678C302039B4C7005BB45B = {
						CreatedOnToolsVersion = 9.2;
						ProvisioningStyle = Automatic;
					};
					25678C442039B4C7005BB45B = {
						CreatedOnToolsVersion = 9.2;
						ProvisioningStyle = Automatic;
						TestTargetID = 25678C302039B4C7005BB45B;
					};
					25678C4F2039B4C7005BB45B = {
						CreatedOnToolsVersion = 9.2;
						ProvisioningStyle = Automatic;
						TestTargetID = 25678C302039B4C7005BB45B;
					};
				};
			};
			buildConfigurationList = 25678C2C2039B4C7005BB45B /* Build configuration list for PBXProject "UnitTestAndUITest" */;
			compatibilityVersion = "Xcode 8.0";
			developmentRegion = en;
			hasScannedForEncodings = 0;
			knownRegions = (
				en,
				Base,
			);
			mainGroup = 25678C282039B4C7005BB45B;
			productRefGroup = 25678C322039B4C7005BB45B /* Products */;
			projectDirPath = "";
			projectRoot = "";
			targets = (
				25678C302039B4C7005BB45B /* UnitTestAndUITest */,
				25678C442039B4C7005BB45B /* UnitTestAndUITestTests */,
				25678C4F2039B4C7005BB45B /* UnitTestAndUITestUITests */,
			);
		};
/* End PBXProject section */

/* Begin PBXResourcesBuildPhase section */
		25678C2F2039B4C7005BB45B /* Resources */ = {
			isa = PBXResourcesBuildPhase;
			buildActionMask = 2147483647;
			files = (
				25678C3F2039B4C7005BB45B /* LaunchScreen.storyboard in Resources */,
				25678C3C2039B4C7005BB45B /* Assets.xcassets in Resources */,
				25678C3A2039B4C7005BB45B /* Main.storyboard in Resources */,
			);
			runOnlyForDeploymentPostprocessing = 0;
		};
		25678C432039B4C7005BB45B /* Resources */ = {
			isa = PBXResourcesBuildPhase;
			buildActionMask = 2147483647;
			files = (
			);
			runOnlyForDeploymentPostprocessing = 0;
		};
		25678C4E2039B4C7005BB45B /* Resources */ = {
			isa = PBXResourcesBuildPhase;
			buildActionMask = 2147483647;
			files = (
			);
			runOnlyForDeploymentPostprocessing = 0;
		};
/* End PBXResourcesBuildPhase section */

/* Begin PBXShellScriptBuildPhase section */
		1F4A680A0BAF7886878AA6D8 /* [CP] Embed Pods Frameworks */ = {
			isa = PBXShellScriptBuildPhase;
			buildActionMask = 2147483647;
			files = (
			);
			inputPaths = (
			);
			name = "[CP] Embed Pods Frameworks";
			outputPaths = (
			);
			runOnlyForDeploymentPostprocessing = 0;
			shellPath = /bin/sh;
			shellScript = "\"${SRCROOT}/Pods/Target Support Files/Pods-UnitTestAndUITestTests/Pods-UnitTestAndUITestTests-frameworks.sh\"\n";
			showEnvVarsInLog = 0;
		};
		2B12247B0A3E8937B709E5E4 /* [CP] Copy Pods Resources */ = {
			isa = PBXShellScriptBuildPhase;
			buildActionMask = 2147483647;
			files = (
			);
			inputPaths = (
			);
			name = "[CP] Copy Pods Resources";
			outputPaths = (
			);
			runOnlyForDeploymentPostprocessing = 0;
			shellPath = /bin/sh;
			shellScript = "\"${SRCROOT}/Pods/Target Support Files/Pods-UnitTestAndUITestTests/Pods-UnitTestAndUITestTests-resources.sh\"\n";
			showEnvVarsInLog = 0;
		};
		4A9F237F446CDB1C7C417531 /* [CP] Embed Pods Frameworks */ = {
			isa = PBXShellScriptBuildPhase;
			buildActionMask = 2147483647;
			files = (
			);
			inputPaths = (
			);
			name = "[CP] Embed Pods Frameworks";
			outputPaths = (
			);
			runOnlyForDeploymentPostprocessing = 0;
			shellPath = /bin/sh;
			shellScript = "\"${SRCROOT}/Pods/Target Support Files/Pods-UnitTestAndUITestUITests/Pods-UnitTestAndUITestUITests-frameworks.sh\"\n";
			showEnvVarsInLog = 0;
		};
		81DBBE63448BAAA33D4CE27B /* [CP] Copy Pods Resources */ = {
			isa = PBXShellScriptBuildPhase;
			buildActionMask = 2147483647;
			files = (
			);
			inputPaths = (
			);
			name = "[CP] Copy Pods Resources";
			outputPaths = (
			);
			runOnlyForDeploymentPostprocessing = 0;
			shellPath = /bin/sh;
			shellScript = "\"${SRCROOT}/Pods/Target Support Files/Pods-UnitTestAndUITestUITests/Pods-UnitTestAndUITestUITests-resources.sh\"\n";
			showEnvVarsInLog = 0;
		};
		9628CC035F76C86AA8DD12CE /* [CP] Check Pods Manifest.lock */ = {
			isa = PBXShellScriptBuildPhase;
			buildActionMask = 2147483647;
			files = (
			);
			inputPaths = (
				"${PODS_PODFILE_DIR_PATH}/Podfile.lock",
				"${PODS_ROOT}/Manifest.lock",
			);
			name = "[CP] Check Pods Manifest.lock";
			outputPaths = (
				"$(DERIVED_FILE_DIR)/Pods-UnitTestAndUITest-checkManifestLockResult.txt",
			);
			runOnlyForDeploymentPostprocessing = 0;
			shellPath = /bin/sh;
			shellScript = "diff \"${PODS_PODFILE_DIR_PATH}/Podfile.lock\" \"${PODS_ROOT}/Manifest.lock\" > /dev/null\nif [ $? != 0 ] ; then\n    # print error to STDERR\n    echo \"error: The sandbox is not in sync with the Podfile.lock. Run 'pod install' or update your CocoaPods installation.\" >&2\n    exit 1\nfi\n# This output is used by Xcode 'outputs' to avoid re-running this script phase.\necho \"SUCCESS\" > \"${SCRIPT_OUTPUT_FILE_0}\"\n";
			showEnvVarsInLog = 0;
		};
		A26DF5AB1C27D9CC3368FE7D /* [CP] Check Pods Manifest.lock */ = {
			isa = PBXShellScriptBuildPhase;
			buildActionMask = 2147483647;
			files = (
			);
			inputPaths = (
				"${PODS_PODFILE_DIR_PATH}/Podfile.lock",
				"${PODS_ROOT}/Manifest.lock",
			);
			name = "[CP] Check Pods Manifest.lock";
			outputPaths = (
				"$(DERIVED_FILE_DIR)/Pods-UnitTestAndUITestUITests-checkManifestLockResult.txt",
			);
			runOnlyForDeploymentPostprocessing = 0;
			shellPath = /bin/sh;
			shellScript = "diff \"${PODS_PODFILE_DIR_PATH}/Podfile.lock\" \"${PODS_ROOT}/Manifest.lock\" > /dev/null\nif [ $? != 0 ] ; then\n    # print error to STDERR\n    echo \"error: The sandbox is not in sync with the Podfile.lock. Run 'pod install' or update your CocoaPods installation.\" >&2\n    exit 1\nfi\n# This output is used by Xcode 'outputs' to avoid re-running this script phase.\necho \"SUCCESS\" > \"${SCRIPT_OUTPUT_FILE_0}\"\n";
			showEnvVarsInLog = 0;
		};
		CDA24E030346816CE81D5A8B /* [CP] Embed Pods Frameworks */ = {
			isa = PBXShellScriptBuildPhase;
			buildActionMask = 2147483647;
			files = (
			);
			inputPaths = (
			);
			name = "[CP] Embed Pods Frameworks";
			outputPaths = (
			);
			runOnlyForDeploymentPostprocessing = 0;
			shellPath = /bin/sh;
			shellScript = "\"${SRCROOT}/Pods/Target Support Files/Pods-UnitTestAndUITest/Pods-UnitTestAndUITest-frameworks.sh\"\n";
			showEnvVarsInLog = 0;
		};
		D219BED3765B9CCBF6F98511 /* [CP] Check Pods Manifest.lock */ = {
			isa = PBXShellScriptBuildPhase;
			buildActionMask = 2147483647;
			files = (
			);
			inputPaths = (
				"${PODS_PODFILE_DIR_PATH}/Podfile.lock",
				"${PODS_ROOT}/Manifest.lock",
			);
			name = "[CP] Check Pods Manifest.lock";
			outputPaths = (
				"$(DERIVED_FILE_DIR)/Pods-UnitTestAndUITestTests-checkManifestLockResult.txt",
			);
			runOnlyForDeploymentPostprocessing = 0;
			shellPath = /bin/sh;
			shellScript = "diff \"${PODS_PODFILE_DIR_PATH}/Podfile.lock\" \"${PODS_ROOT}/Manifest.lock\" > /dev/null\nif [ $? != 0 ] ; then\n    # print error to STDERR\n    echo \"error: The sandbox is not in sync with the Podfile.lock. Run 'pod install' or update your CocoaPods installation.\" >&2\n    exit 1\nfi\n# This output is used by Xcode 'outputs' to avoid re-running this script phase.\necho \"SUCCESS\" > \"${SCRIPT_OUTPUT_FILE_0}\"\n";
			showEnvVarsInLog = 0;
		};
		D621BC02C81578DDF913FC20 /* [CP] Copy Pods Resources */ = {
			isa = PBXShellScriptBuildPhase;
			buildActionMask = 2147483647;
			files = (
			);
			inputPaths = (
			);
			name = "[CP] Copy Pods Resources";
			outputPaths = (
			);
			runOnlyForDeploymentPostprocessing = 0;
			shellPath = /bin/sh;
			shellScript = "\"${SRCROOT}/Pods/Target Support Files/Pods-UnitTestAndUITest/Pods-UnitTestAndUITest-resources.sh\"\n";
			showEnvVarsInLog = 0;
		};
/* End PBXShellScriptBuildPhase section */

/* Begin PBXSourcesBuildPhase section */
		25678C2D2039B4C7005BB45B /* Sources */ = {
			isa = PBXSourcesBuildPhase;
			buildActionMask = 2147483647;
			files = (
				25678C6C2039B61B005BB45B /* HomeVC.swift in Sources */,
				25678C352039B4C7005BB45B /* AppDelegate.swift in Sources */,
			);
			runOnlyForDeploymentPostprocessing = 0;
		};
		25678C412039B4C7005BB45B /* Sources */ = {
			isa = PBXSourcesBuildPhase;
			buildActionMask = 2147483647;
			files = (
				25678C4A2039B4C7005BB45B /* UnitTestAndUITestTests.swift in Sources */,
			);
			runOnlyForDeploymentPostprocessing = 0;
		};
		25678C4C2039B4C7005BB45B /* Sources */ = {
			isa = PBXSourcesBuildPhase;
			buildActionMask = 2147483647;
			files = (
				25678C552039B4C7005BB45B /* UnitTestAndUITestUITests.swift in Sources */,
			);
			runOnlyForDeploymentPostprocessing = 0;
		};
/* End PBXSourcesBuildPhase section */

/* Begin PBXTargetDependency section */
		25678C472039B4C7005BB45B /* PBXTargetDependency */ = {
			isa = PBXTargetDependency;
			target = 25678C302039B4C7005BB45B /* UnitTestAndUITest */;
			targetProxy = 25678C462039B4C7005BB45B /* PBXContainerItemProxy */;
		};
		25678C522039B4C7005BB45B /* PBXTargetDependency */ = {
			isa = PBXTargetDependency;
			target = 25678C302039B4C7005BB45B /* UnitTestAndUITest */;
			targetProxy = 25678C512039B4C7005BB45B /* PBXContainerItemProxy */;
		};
/* End PBXTargetDependency section */

/* Begin PBXVariantGroup section */
		25678C382039B4C7005BB45B /* Main.storyboard */ = {
			isa = PBXVariantGroup;
			children = (
				25678C392039B4C7005BB45B /* Base */,
			);
			name = Main.storyboard;
			sourceTree = "<group>";
		};
		25678C3D2039B4C7005BB45B /* LaunchScreen.storyboard */ = {
			isa = PBXVariantGroup;
			children = (
				25678C3E2039B4C7005BB45B /* Base */,
			);
			name = LaunchScreen.storyboard;
			sourceTree = "<group>";
		};
/* End PBXVariantGroup section */

/* Begin XCBuildConfiguration section */
		25678C572039B4C7005BB45B /* Debug */ = {
			isa = XCBuildConfiguration;
			buildSettings = {
				ALWAYS_SEARCH_USER_PATHS = NO;
				CLANG_ANALYZER_NONNULL = YES;
				CLANG_ANALYZER_NUMBER_OBJECT_CONVERSION = YES_AGGRESSIVE;
				CLANG_CXX_LANGUAGE_STANDARD = "gnu++14";
				CLANG_CXX_LIBRARY = "libc++";
				CLANG_ENABLE_MODULES = YES;
				CLANG_ENABLE_OBJC_ARC = YES;
				CLANG_WARN_BLOCK_CAPTURE_AUTORELEASING = YES;
				CLANG_WARN_BOOL_CONVERSION = YES;
				CLANG_WARN_COMMA = YES;
				CLANG_WARN_CONSTANT_CONVERSION = YES;
				CLANG_WARN_DIRECT_OBJC_ISA_USAGE = YES_ERROR;
				CLANG_WARN_DOCUMENTATION_COMMENTS = YES;
				CLANG_WARN_EMPTY_BODY = YES;
				CLANG_WARN_ENUM_CONVERSION = YES;
				CLANG_WARN_INFINITE_RECURSION = YES;
				CLANG_WARN_INT_CONVERSION = YES;
				CLANG_WARN_NON_LITERAL_NULL_CONVERSION = YES;
				CLANG_WARN_OBJC_LITERAL_CONVERSION = YES;
				CLANG_WARN_OBJC_ROOT_CLASS = YES_ERROR;
				CLANG_WARN_RANGE_LOOP_ANALYSIS = YES;
				CLANG_WARN_STRICT_PROTOTYPES = YES;
				CLANG_WARN_SUSPICIOUS_MOVE = YES;
				CLANG_WARN_UNGUARDED_AVAILABILITY = YES_AGGRESSIVE;
				CLANG_WARN_UNREACHABLE_CODE = YES;
				CLANG_WARN__DUPLICATE_METHOD_MATCH = YES;
				CODE_SIGN_IDENTITY = "iPhone Developer";
				COPY_PHASE_STRIP = NO;
				DEBUG_INFORMATION_FORMAT = dwarf;
				ENABLE_STRICT_OBJC_MSGSEND = YES;
				ENABLE_TESTABILITY = YES;
				GCC_C_LANGUAGE_STANDARD = gnu11;
				GCC_DYNAMIC_NO_PIC = NO;
				GCC_NO_COMMON_BLOCKS = YES;
				GCC_OPTIMIZATION_LEVEL = 0;
				GCC_PREPROCESSOR_DEFINITIONS = (
					"DEBUG=1",
					"$(inherited)",
				);
				GCC_WARN_64_TO_32_BIT_CONVERSION = YES;
				GCC_WARN_ABOUT_RETURN_TYPE = YES_ERROR;
				GCC_WARN_UNDECLARED_SELECTOR = YES;
				GCC_WARN_UNINITIALIZED_AUTOS = YES_AGGRESSIVE;
				GCC_WARN_UNUSED_FUNCTION = YES;
				GCC_WARN_UNUSED_VARIABLE = YES;
				IPHONEOS_DEPLOYMENT_TARGET = 11.2;
				MTL_ENABLE_DEBUG_INFO = YES;
				ONLY_ACTIVE_ARCH = YES;
				SDKROOT = iphoneos;
				SWIFT_ACTIVE_COMPILATION_CONDITIONS = DEBUG;
				SWIFT_OPTIMIZATION_LEVEL = "-Onone";
			};
			name = Debug;
		};
		25678C582039B4C7005BB45B /* Release */ = {
			isa = XCBuildConfiguration;
			buildSettings = {
				ALWAYS_SEARCH_USER_PATHS = NO;
				CLANG_ANALYZER_NONNULL = YES;
				CLANG_ANALYZER_NUMBER_OBJECT_CONVERSION = YES_AGGRESSIVE;
				CLANG_CXX_LANGUAGE_STANDARD = "gnu++14";
				CLANG_CXX_LIBRARY = "libc++";
				CLANG_ENABLE_MODULES = YES;
				CLANG_ENABLE_OBJC_ARC = YES;
				CLANG_WARN_BLOCK_CAPTURE_AUTORELEASING = YES;
				CLANG_WARN_BOOL_CONVERSION = YES;
				CLANG_WARN_COMMA = YES;
				CLANG_WARN_CONSTANT_CONVERSION = YES;
				CLANG_WARN_DIRECT_OBJC_ISA_USAGE = YES_ERROR;
				CLANG_WARN_DOCUMENTATION_COMMENTS = YES;
				CLANG_WARN_EMPTY_BODY = YES;
				CLANG_WARN_ENUM_CONVERSION = YES;
				CLANG_WARN_INFINITE_RECURSION = YES;
				CLANG_WARN_INT_CONVERSION = YES;
				CLANG_WARN_NON_LITERAL_NULL_CONVERSION = YES;
				CLANG_WARN_OBJC_LITERAL_CONVERSION = YES;
				CLANG_WARN_OBJC_ROOT_CLASS = YES_ERROR;
				CLANG_WARN_RANGE_LOOP_ANALYSIS = YES;
				CLANG_WARN_STRICT_PROTOTYPES = YES;
				CLANG_WARN_SUSPICIOUS_MOVE = YES;
				CLANG_WARN_UNGUARDED_AVAILABILITY = YES_AGGRESSIVE;
				CLANG_WARN_UNREACHABLE_CODE = YES;
				CLANG_WARN__DUPLICATE_METHOD_MATCH = YES;
				CODE_SIGN_IDENTITY = "iPhone Developer";
				COPY_PHASE_STRIP = NO;
				DEBUG_INFORMATION_FORMAT = "dwarf-with-dsym";
				ENABLE_NS_ASSERTIONS = NO;
				ENABLE_STRICT_OBJC_MSGSEND = YES;
				GCC_C_LANGUAGE_STANDARD = gnu11;
				GCC_NO_COMMON_BLOCKS = YES;
				GCC_WARN_64_TO_32_BIT_CONVERSION = YES;
				GCC_WARN_ABOUT_RETURN_TYPE = YES_ERROR;
				GCC_WARN_UNDECLARED_SELECTOR = YES;
				GCC_WARN_UNINITIALIZED_AUTOS = YES_AGGRESSIVE;
				GCC_WARN_UNUSED_FUNCTION = YES;
				GCC_WARN_UNUSED_VARIABLE = YES;
				IPHONEOS_DEPLOYMENT_TARGET = 11.2;
				MTL_ENABLE_DEBUG_INFO = NO;
				SDKROOT = iphoneos;
				SWIFT_OPTIMIZATION_LEVEL = "-Owholemodule";
				VALIDATE_PRODUCT = YES;
			};
			name = Release;
		};
		25678C5A2039B4C7005BB45B /* Debug */ = {
			isa = XCBuildConfiguration;
			baseConfigurationReference = 20A7CDA7692336E564E44BFE /* Pods-UnitTestAndUITest.debug.xcconfig */;
			buildSettings = {
				ASSETCATALOG_COMPILER_APPICON_NAME = AppIcon;
				CODE_SIGN_STYLE = Automatic;
				INFOPLIST_FILE = ./UnitTestAndUITest/Resources/Info.plist;
				LD_RUNPATH_SEARCH_PATHS = "$(inherited) @executable_path/Frameworks";
				PRODUCT_BUNDLE_IDENTIFIER = "-shuvro.UnitTestAndUITest";
				PRODUCT_NAME = "$(TARGET_NAME)";
				SWIFT_VERSION = 4.0;
				TARGETED_DEVICE_FAMILY = "1,2";
			};
			name = Debug;
		};
		25678C5B2039B4C7005BB45B /* Release */ = {
			isa = XCBuildConfiguration;
			baseConfigurationReference = 6F04FB92D74B178E8306C182 /* Pods-UnitTestAndUITest.release.xcconfig */;
			buildSettings = {
				ASSETCATALOG_COMPILER_APPICON_NAME = AppIcon;
				CODE_SIGN_STYLE = Automatic;
				INFOPLIST_FILE = ./UnitTestAndUITest/Resources/Info.plist;
				LD_RUNPATH_SEARCH_PATHS = "$(inherited) @executable_path/Frameworks";
				PRODUCT_BUNDLE_IDENTIFIER = "-shuvro.UnitTestAndUITest";
				PRODUCT_NAME = "$(TARGET_NAME)";
				SWIFT_VERSION = 4.0;
				TARGETED_DEVICE_FAMILY = "1,2";
			};
			name = Release;
		};
		25678C5D2039B4C7005BB45B /* Debug */ = {
			isa = XCBuildConfiguration;
			baseConfigurationReference = 3970A12D1FA90F14A3111844 /* Pods-UnitTestAndUITestTests.debug.xcconfig */;
			buildSettings = {
				ALWAYS_EMBED_SWIFT_STANDARD_LIBRARIES = YES;
				BUNDLE_LOADER = "$(TEST_HOST)";
				CODE_SIGN_STYLE = Automatic;
				INFOPLIST_FILE = UnitTestAndUITestTests/Info.plist;
				LD_RUNPATH_SEARCH_PATHS = "$(inherited) @executable_path/Frameworks @loader_path/Frameworks";
				PRODUCT_BUNDLE_IDENTIFIER = "-shuvro.UnitTestAndUITestTests";
				PRODUCT_NAME = "$(TARGET_NAME)";
				SWIFT_VERSION = 4.0;
				TARGETED_DEVICE_FAMILY = "1,2";
				TEST_HOST = "$(BUILT_PRODUCTS_DIR)/UnitTestAndUITest.app/UnitTestAndUITest";
			};
			name = Debug;
		};
		25678C5E2039B4C7005BB45B /* Release */ = {
			isa = XCBuildConfiguration;
			baseConfigurationReference = 2D7949957C3DEDD6295855ED /* Pods-UnitTestAndUITestTests.release.xcconfig */;
			buildSettings = {
				ALWAYS_EMBED_SWIFT_STANDARD_LIBRARIES = YES;
				BUNDLE_LOADER = "$(TEST_HOST)";
				CODE_SIGN_STYLE = Automatic;
				INFOPLIST_FILE = UnitTestAndUITestTests/Info.plist;
				LD_RUNPATH_SEARCH_PATHS = "$(inherited) @executable_path/Frameworks @loader_path/Frameworks";
				PRODUCT_BUNDLE_IDENTIFIER = "-shuvro.UnitTestAndUITestTests";
				PRODUCT_NAME = "$(TARGET_NAME)";
				SWIFT_VERSION = 4.0;
				TARGETED_DEVICE_FAMILY = "1,2";
				TEST_HOST = "$(BUILT_PRODUCTS_DIR)/UnitTestAndUITest.app/UnitTestAndUITest";
			};
			name = Release;
		};
		25678C602039B4C7005BB45B /* Debug */ = {
			isa = XCBuildConfiguration;
			baseConfigurationReference = 607755939BBE4BA3A8EC61AE /* Pods-UnitTestAndUITestUITests.debug.xcconfig */;
			buildSettings = {
				ALWAYS_EMBED_SWIFT_STANDARD_LIBRARIES = YES;
				CODE_SIGN_STYLE = Automatic;
				INFOPLIST_FILE = UnitTestAndUITestUITests/Info.plist;
				LD_RUNPATH_SEARCH_PATHS = "$(inherited) @executable_path/Frameworks @loader_path/Frameworks";
				PRODUCT_BUNDLE_IDENTIFIER = "-shuvro.UnitTestAndUITestUITests";
				PRODUCT_NAME = "$(TARGET_NAME)";
				SWIFT_VERSION = 4.0;
				TARGETED_DEVICE_FAMILY = "1,2";
				TEST_TARGET_NAME = UnitTestAndUITest;
			};
			name = Debug;
		};
		25678C612039B4C7005BB45B /* Release */ = {
			isa = XCBuildConfiguration;
			baseConfigurationReference = AB288FA92C5BC82885A63D89 /* Pods-UnitTestAndUITestUITests.release.xcconfig */;
			buildSettings = {
				ALWAYS_EMBED_SWIFT_STANDARD_LIBRARIES = YES;
				CODE_SIGN_STYLE = Automatic;
				INFOPLIST_FILE = UnitTestAndUITestUITests/Info.plist;
				LD_RUNPATH_SEARCH_PATHS = "$(inherited) @executable_path/Frameworks @loader_path/Frameworks";
				PRODUCT_BUNDLE_IDENTIFIER = "-shuvro.UnitTestAndUITestUITests";
				PRODUCT_NAME = "$(TARGET_NAME)";
				SWIFT_VERSION = 4.0;
				TARGETED_DEVICE_FAMILY = "1,2";
				TEST_TARGET_NAME = UnitTestAndUITest;
			};
			name = Release;
		};
/* End XCBuildConfiguration section */

/* Begin XCConfigurationList section */
		25678C2C2039B4C7005BB45B /* Build configuration list for PBXProject "UnitTestAndUITest" */ = {
			isa = XCConfigurationList;
			buildConfigurations = (
				25678C572039B4C7005BB45B /* Debug */,
				25678C582039B4C7005BB45B /* Release */,
			);
			defaultConfigurationIsVisible = 0;
			defaultConfigurationName = Release;
		};
		25678C592039B4C7005BB45B /* Build configuration list for PBXNativeTarget "UnitTestAndUITest" */ = {
			isa = XCConfigurationList;
			buildConfigurations = (
				25678C5A2039B4C7005BB45B /* Debug */,
				25678C5B2039B4C7005BB45B /* Release */,
			);
			defaultConfigurationIsVisible = 0;
			defaultConfigurationName = Release;
		};
		25678C5C2039B4C7005BB45B /* Build configuration list for PBXNativeTarget "UnitTestAndUITestTests" */ = {
			isa = XCConfigurationList;
			buildConfigurations = (
				25678C5D2039B4C7005BB45B /* Debug */,
				25678C5E2039B4C7005BB45B /* Release */,
			);
			defaultConfigurationIsVisible = 0;
			defaultConfigurationName = Release;
		};
		25678C5F2039B4C7005BB45B /* Build configuration list for PBXNativeTarget "UnitTestAndUITestUITests" */ = {
			isa = XCConfigurationList;
			buildConfigurations = (
				25678C602039B4C7005BB45B /* Debug */,
				25678C612039B4C7005BB45B /* Release */,
			);
			defaultConfigurationIsVisible = 0;
			defaultConfigurationName = Release;
		};
/* End XCConfigurationList section */
	};
	rootObject = 25678C292039B4C7005BB45B /* Project object */;
}
